
Microsoft Visual Studio Solution File, Format Version 12.00
# Visual Studio Version 17
VisualStudioVersion = 17.0.31903.59
MinimumVisualStudioVersion = 10.0.40219.1
Project("{2150E333-8FDC-42A3-9474-1A3956D46DE8}") = "src", "src", "{827E0CD3-B72D-47B6-A68D-7590B98EB39B}"
EndProject
Project("{FAE04EC0-301F-11D3-BF4B-00C04F79EFBC}") = "BikeVoyager.Domain", "src\BikeVoyager.Domain\BikeVoyager.Domain.csproj", "{FE76ADF1-F8DC-4CF1-9B78-FF4E0A480911}"
EndProject
Project("{FAE04EC0-301F-11D3-BF4B-00C04F79EFBC}") = "BikeVoyager.Application", "src\BikeVoyager.Application\BikeVoyager.Application.csproj", "{4B36911D-F6FD-4C5D-BE44-E81559B8BA1D}"
EndProject
Project("{FAE04EC0-301F-11D3-BF4B-00C04F79EFBC}") = "BikeVoyager.Infrastructure", "src\BikeVoyager.Infrastructure\BikeVoyager.Infrastructure.csproj", "{1F997FAE-8564-4ABF-8759-15489BD2F2FF}"
EndProject
Project("{FAE04EC0-301F-11D3-BF4B-00C04F79EFBC}") = "BikeVoyager.Api", "src\BikeVoyager.Api\BikeVoyager.Api.csproj", "{A1BABF08-92AF-47D4-8DB6-F6DF474C7250}"
EndProject
Project("{2150E333-8FDC-42A3-9474-1A3956D46DE8}") = "tests", "tests", "{0AB3BF05-4346-4AA6-1389-037BE0695223}"
EndProject
Project("{FAE04EC0-301F-11D3-BF4B-00C04F79EFBC}") = "BikeVoyager.UnitTests", "tests\BikeVoyager.UnitTests\BikeVoyager.UnitTests.csproj", "{CEB64304-4CFD-4709-B18C-78D46BE5716E}"
EndProject
Project("{FAE04EC0-301F-11D3-BF4B-00C04F79EFBC}") = "BikeVoyager.ApiTests", "tests\BikeVoyager.ApiTests\BikeVoyager.ApiTests.csproj", "{7FDA45C4-7258-4B8F-9321-D9CBC4A8A90B}"
EndProject
Project("{FAE04EC0-301F-11D3-BF4B-00C04F79EFBC}") = "BikeVoyager.AppHost", "src\BikeVoyager.AppHost\BikeVoyager.AppHost.csproj", "{D2AB4937-B49E-4AA1-8967-C4F167C81519}"
EndProject
Global
	GlobalSection(SolutionConfigurationPlatforms) = preSolution
		Debug|Any CPU = Debug|Any CPU
		Debug|x64 = Debug|x64
		Debug|x86 = Debug|x86
		Release|Any CPU = Release|Any CPU
		Release|x64 = Release|x64
		Release|x86 = Release|x86
	EndGlobalSection
	GlobalSection(ProjectConfigurationPlatforms) = postSolution
		{FE76ADF1-F8DC-4CF1-9B78-FF4E0A480911}.Debug|Any CPU.ActiveCfg = Debug|Any CPU
		{FE76ADF1-F8DC-4CF1-9B78-FF4E0A480911}.Debug|Any CPU.Build.0 = Debug|Any CPU
		{FE76ADF1-F8DC-4CF1-9B78-FF4E0A480911}.Debug|x64.ActiveCfg = Debug|Any CPU
		{FE76ADF1-F8DC-4CF1-9B78-FF4E0A480911}.Debug|x64.Build.0 = Debug|Any CPU
		{FE76ADF1-F8DC-4CF1-9B78-FF4E0A480911}.Debug|x86.ActiveCfg = Debug|Any CPU
		{FE76ADF1-F8DC-4CF1-9B78-FF4E0A480911}.Debug|x86.Build.0 = Debug|Any CPU
		{FE76ADF1-F8DC-4CF1-9B78-FF4E0A480911}.Release|Any CPU.ActiveCfg = Release|Any CPU
		{FE76ADF1-F8DC-4CF1-9B78-FF4E0A480911}.Release|Any CPU.Build.0 = Release|Any CPU
		{FE76ADF1-F8DC-4CF1-9B78-FF4E0A480911}.Release|x64.ActiveCfg = Release|Any CPU
		{FE76ADF1-F8DC-4CF1-9B78-FF4E0A480911}.Release|x64.Build.0 = Release|Any CPU
		{FE76ADF1-F8DC-4CF1-9B78-FF4E0A480911}.Release|x86.ActiveCfg = Release|Any CPU
		{FE76ADF1-F8DC-4CF1-9B78-FF4E0A480911}.Release|x86.Build.0 = Release|Any CPU
		{4B36911D-F6FD-4C5D-BE44-E81559B8BA1D}.Debug|Any CPU.ActiveCfg = Debug|Any CPU
		{4B36911D-F6FD-4C5D-BE44-E81559B8BA1D}.Debug|Any CPU.Build.0 = Debug|Any CPU
		{4B36911D-F6FD-4C5D-BE44-E81559B8BA1D}.Debug|x64.ActiveCfg = Debug|Any CPU
		{4B36911D-F6FD-4C5D-BE44-E81559B8BA1D}.Debug|x64.Build.0 = Debug|Any CPU
		{4B36911D-F6FD-4C5D-BE44-E81559B8BA1D}.Debug|x86.ActiveCfg = Debug|Any CPU
		{4B36911D-F6FD-4C5D-BE44-E81559B8BA1D}.Debug|x86.Build.0 = Debug|Any CPU
		{4B36911D-F6FD-4C5D-BE44-E81559B8BA1D}.Release|Any CPU.ActiveCfg = Release|Any CPU
		{4B36911D-F6FD-4C5D-BE44-E81559B8BA1D}.Release|Any CPU.Build.0 = Release|Any CPU
		{4B36911D-F6FD-4C5D-BE44-E81559B8BA1D}.Release|x64.ActiveCfg = Release|Any CPU
		{4B36911D-F6FD-4C5D-BE44-E81559B8BA1D}.Release|x64.Build.0 = Release|Any CPU
		{4B36911D-F6FD-4C5D-BE44-E81559B8BA1D}.Release|x86.ActiveCfg = Release|Any CPU
		{4B36911D-F6FD-4C5D-BE44-E81559B8BA1D}.Release|x86.Build.0 = Release|Any CPU
		{1F997FAE-8564-4ABF-8759-15489BD2F2FF}.Debug|Any CPU.ActiveCfg = Debug|Any CPU
		{1F997FAE-8564-4ABF-8759-15489BD2F2FF}.Debug|Any CPU.Build.0 = Debug|Any CPU
		{1F997FAE-8564-4ABF-8759-15489BD2F2FF}.Debug|x64.ActiveCfg = Debug|Any CPU
		{1F997FAE-8564-4ABF-8759-15489BD2F2FF}.Debug|x64.Build.0 = Debug|Any CPU
		{1F997FAE-8564-4ABF-8759-15489BD2F2FF}.Debug|x86.ActiveCfg = Debug|Any CPU
		{1F997FAE-8564-4ABF-8759-15489BD2F2FF}.Debug|x86.Build.0 = Debug|Any CPU
		{1F997FAE-8564-4ABF-8759-15489BD2F2FF}.Release|Any CPU.ActiveCfg = Release|Any CPU
		{1F997FAE-8564-4ABF-8759-15489BD2F2FF}.Release|Any CPU.Build.0 = Release|Any CPU
		{1F997FAE-8564-4ABF-8759-15489BD2F2FF}.Release|x64.ActiveCfg = Release|Any CPU
		{1F997FAE-8564-4ABF-8759-15489BD2F2FF}.Release|x64.Build.0 = Release|Any CPU
		{1F997FAE-8564-4ABF-8759-15489BD2F2FF}.Release|x86.ActiveCfg = Release|Any CPU
		{1F997FAE-8564-4ABF-8759-15489BD2F2FF}.Release|x86.Build.0 = Release|Any CPU
		{A1BABF08-92AF-47D4-8DB6-F6DF474C7250}.Debug|Any CPU.ActiveCfg = Debug|Any CPU
		{A1BABF08-92AF-47D4-8DB6-F6DF474C7250}.Debug|Any CPU.Build.0 = Debug|Any CPU
		{A1BABF08-92AF-47D4-8DB6-F6DF474C7250}.Debug|x64.ActiveCfg = Debug|Any CPU
		{A1BABF08-92AF-47D4-8DB6-F6DF474C7250}.Debug|x64.Build.0 = Debug|Any CPU
		{A1BABF08-92AF-47D4-8DB6-F6DF474C7250}.Debug|x86.ActiveCfg = Debug|Any CPU
		{A1BABF08-92AF-47D4-8DB6-F6DF474C7250}.Debug|x86.Build.0 = Debug|Any CPU
		{A1BABF08-92AF-47D4-8DB6-F6DF474C7250}.Release|Any CPU.ActiveCfg = Release|Any CPU
		{A1BABF08-92AF-47D4-8DB6-F6DF474C7250}.Release|Any CPU.Build.0 = Release|Any CPU
		{A1BABF08-92AF-47D4-8DB6-F6DF474C7250}.Release|x64.ActiveCfg = Release|Any CPU
		{A1BABF08-92AF-47D4-8DB6-F6DF474C7250}.Release|x64.Build.0 = Release|Any CPU
		{A1BABF08-92AF-47D4-8DB6-F6DF474C7250}.Release|x86.ActiveCfg = Release|Any CPU
		{A1BABF08-92AF-47D4-8DB6-F6DF474C7250}.Release|x86.Build.0 = Release|Any CPU
		{CEB64304-4CFD-4709-B18C-78D46BE5716E}.Debug|Any CPU.ActiveCfg = Debug|Any CPU
		{CEB64304-4CFD-4709-B18C-78D46BE5716E}.Debug|Any CPU.Build.0 = Debug|Any CPU
		{CEB64304-4CFD-4709-B18C-78D46BE5716E}.Debug|x64.ActiveCfg = Debug|Any CPU
		{CEB64304-4CFD-4709-B18C-78D46BE5716E}.Debug|x64.Build.0 = Debug|Any CPU
		{CEB64304-4CFD-4709-B18C-78D46BE5716E}.Debug|x86.ActiveCfg = Debug|Any CPU
		{CEB64304-4CFD-4709-B18C-78D46BE5716E}.Debug|x86.Build.0 = Debug|Any CPU
		{CEB64304-4CFD-4709-B18C-78D46BE5716E}.Release|Any CPU.ActiveCfg = Release|Any CPU
		{CEB64304-4CFD-4709-B18C-78D46BE5716E}.Release|Any CPU.Build.0 = Release|Any CPU
		{CEB64304-4CFD-4709-B18C-78D46BE5716E}.Release|x64.ActiveCfg = Release|Any CPU
		{CEB64304-4CFD-4709-B18C-78D46BE5716E}.Release|x64.Build.0 = Release|Any CPU
		{CEB64304-4CFD-4709-B18C-78D46BE5716E}.Release|x86.ActiveCfg = Release|Any CPU
		{CEB64304-4CFD-4709-B18C-78D46BE5716E}.Release|x86.Build.0 = Release|Any CPU
		{7FDA45C4-7258-4B8F-9321-D9CBC4A8A90B}.Debug|Any CPU.ActiveCfg = Debug|Any CPU
		{7FDA45C4-7258-4B8F-9321-D9CBC4A8A90B}.Debug|Any CPU.Build.0 = Debug|Any CPU
		{7FDA45C4-7258-4B8F-9321-D9CBC4A8A90B}.Debug|x64.ActiveCfg = Debug|Any CPU
		{7FDA45C4-7258-4B8F-9321-D9CBC4A8A90B}.Debug|x64.Build.0 = Debug|Any CPU
		{7FDA45C4-7258-4B8F-9321-D9CBC4A8A90B}.Debug|x86.ActiveCfg = Debug|Any CPU
		{7FDA45C4-7258-4B8F-9321-D9CBC4A8A90B}.Debug|x86.Build.0 = Debug|Any CPU
		{7FDA45C4-7258-4B8F-9321-D9CBC4A8A90B}.Release|Any CPU.ActiveCfg = Release|Any CPU
		{7FDA45C4-7258-4B8F-9321-D9CBC4A8A90B}.Release|Any CPU.Build.0 = Release|Any CPU
		{7FDA45C4-7258-4B8F-9321-D9CBC4A8A90B}.Release|x64.ActiveCfg = Release|Any CPU
		{7FDA45C4-7258-4B8F-9321-D9CBC4A8A90B}.Release|x64.Build.0 = Release|Any CPU
		{7FDA45C4-7258-4B8F-9321-D9CBC4A8A90B}.Release|x86.ActiveCfg = Release|Any CPU
		{7FDA45C4-7258-4B8F-9321-D9CBC4A8A90B}.Release|x86.Build.0 = Release|Any CPU
		{D2AB4937-B49E-4AA1-8967-C4F167C81519}.Debug|Any CPU.ActiveCfg = Debug|Any CPU
		{D2AB4937-B49E-4AA1-8967-C4F167C81519}.Debug|Any CPU.Build.0 = Debug|Any CPU
		{D2AB4937-B49E-4AA1-8967-C4F167C81519}.Debug|x64.ActiveCfg = Debug|Any CPU
		{D2AB4937-B49E-4AA1-8967-C4F167C81519}.Debug|x64.Build.0 = Debug|Any CPU
		{D2AB4937-B49E-4AA1-8967-C4F167C81519}.Debug|x86.ActiveCfg = Debug|Any CPU
		{D2AB4937-B49E-4AA1-8967-C4F167C81519}.Debug|x86.Build.0 = Debug|Any CPU
		{D2AB4937-B49E-4AA1-8967-C4F167C81519}.Release|Any CPU.ActiveCfg = Release|Any CPU
		{D2AB4937-B49E-4AA1-8967-C4F167C81519}.Release|Any CPU.Build.0 = Release|Any CPU
		{D2AB4937-B49E-4AA1-8967-C4F167C81519}.Release|x64.ActiveCfg = Release|Any CPU
		{D2AB4937-B49E-4AA1-8967-C4F167C81519}.Release|x64.Build.0 = Release|Any CPU
		{D2AB4937-B49E-4AA1-8967-C4F167C81519}.Release|x86.ActiveCfg = Release|Any CPU
		{D2AB4937-B49E-4AA1-8967-C4F167C81519}.Release|x86.Build.0 = Release|Any CPU
	EndGlobalSection
	GlobalSection(SolutionProperties) = preSolution
		HideSolutionNode = FALSE
	EndGlobalSection
	GlobalSection(NestedProjects) = preSolution
		{FE76ADF1-F8DC-4CF1-9B78-FF4E0A480911} = {827E0CD3-B72D-47B6-A68D-7590B98EB39B}
		{4B36911D-F6FD-4C5D-BE44-E81559B8BA1D} = {827E0CD3-B72D-47B6-A68D-7590B98EB39B}
		{1F997FAE-8564-4ABF-8759-15489BD2F2FF} = {827E0CD3-B72D-47B6-A68D-7590B98EB39B}
		{A1BABF08-92AF-47D4-8DB6-F6DF474C7250} = {827E0CD3-B72D-47B6-A68D-7590B98EB39B}
		{CEB64304-4CFD-4709-B18C-78D46BE5716E} = {0AB3BF05-4346-4AA6-1389-037BE0695223}
		{7FDA45C4-7258-4B8F-9321-D9CBC4A8A90B} = {0AB3BF05-4346-4AA6-1389-037BE0695223}
		{D2AB4937-B49E-4AA1-8967-C4F167C81519} = {827E0CD3-B72D-47B6-A68D-7590B98EB39B}
	EndGlobalSection
EndGlobal
